# This file is autogenerated, do not edit; changes may be undone by the next 'dep ensure'.


[[projects]]
  branch = "master"
  digest = "1:ad4589ec239820ee99eb01c1ad47ebc5f8e02c4f5103a9b210adff9696d89f36"
  name = "github.com/beorn7/perks"
  packages = ["quantile"]
  pruneopts = "T"
  revision = "3a771d992973f24aa725d07868b467d1ddfceafb"

[[projects]]
  branch = "master"
  digest = "1:1ff5b6e24188c3c4f0ef22bac7a1e7654e4a2f1be9ba7514e72ffdb2db5aacc6"
  name = "github.com/btcsuite/btcd"
  packages = ["btcec"]
  pruneopts = "T"
  revision = "306aecffea325e97f513b3ff0cf7895a5310651d"

[[projects]]
  digest = "1:9f42202ac457c462ad8bb9642806d275af9ab4850cf0b1960b9c6f083d4a309a"
  name = "github.com/davecgh/go-spew"
  packages = ["spew"]
  pruneopts = "T"
  revision = "8991bc29aa16c548c550c7ff78260e27b9ab7c73"
  version = "v1.1.1"

[[projects]]
  digest = "1:c9283a02d3388f26e1c0a6596a278a2408be500052926ceddfd7e95786ddae86"
  name = "github.com/go-chi/chi"
  packages = ["."]
  pruneopts = "T"
  revision = "1a6bb108ccf279c8dac6f9bad857d773b4f9b421"
  version = "v4.0.1"

[[projects]]
  digest = "1:0b9c3ad6c948d57a379da9c4e1cdd989b1c73ddc5ec8673f52a9539ce60a109b"
  name = "github.com/go-kit/kit"
  packages = [
    "log",
    "log/level",
    "log/term",
    "metrics",
    "metrics/discard",
    "metrics/internal/lv",
    "metrics/prometheus",
  ]
  pruneopts = "T"
  revision = "4dc7be5d2d12881735283bcab7352178e190fc71"
  version = "v0.6.0"

[[projects]]
  digest = "1:4062bc6de62d73e2be342243cf138cf499b34d558876db8d9430e2149388a4d8"
  name = "github.com/go-logfmt/logfmt"
  packages = ["."]
  pruneopts = "T"
  revision = "07c9b44f60d7ffdfb7d8efe1ad539965737836dc"
  version = "v0.4.0"

[[projects]]
  digest = "1:586ea76dbd0374d6fb649a91d70d652b7fe0ccffb8910a77468e7702e7901f3d"
  name = "github.com/go-stack/stack"
  packages = ["."]
  pruneopts = "T"
  revision = "2fee6af1a9795aafbe0253a0cfbdf668e1fb8a9a"
  version = "v1.8.0"

[[projects]]
  digest = "1:da39f4a22829ca95e63566208e0ea42d6f055f41dff1b14fdab88d88f62df653"
  name = "github.com/gogo/protobuf"
  packages = [
    "gogoproto",
    "jsonpb",
    "plugin/compare",
    "plugin/defaultcheck",
    "plugin/description",
    "plugin/embedcheck",
    "plugin/enumstringer",
    "plugin/equal",
    "plugin/face",
    "plugin/gostring",
    "plugin/marshalto",
    "plugin/oneofcheck",
    "plugin/populate",
    "plugin/size",
    "plugin/stringer",
    "plugin/testgen",
    "plugin/union",
    "plugin/unmarshal",
    "proto",
    "protoc-gen-gogo/descriptor",
    "protoc-gen-gogo/generator",
    "protoc-gen-gogo/generator/internal/remap",
    "protoc-gen-gogo/grpc",
    "protoc-gen-gogo/plugin",
    "protoc-gen-gogofaster",
    "sortkeys",
    "types",
    "vanity",
    "vanity/command",
  ]
  pruneopts = "T"
  revision = "636bf0302bc95575d69441b25a2603156ffdddf1"
  version = "v1.1.1"

[[projects]]
  digest = "1:832e17df5ff8bbe0e0693d2fb46c5e53f96c662ee804049ce3ab6557df74e3ab"
  name = "github.com/golang/protobuf"
  packages = [
    "proto",
    "ptypes",
    "ptypes/any",
    "ptypes/duration",
    "ptypes/timestamp",
  ]
  pruneopts = "T"
  revision = "b4deda0973fb4c70b50d226b1af49f3da59f5265"
  version = "v1.1.0"

[[projects]]
  branch = "master"
  digest = "1:6027b20c168728321bd99ad01f35118eded457b01c03e647a84833ab331f2f5b"
  name = "github.com/golang/snappy"
  packages = ["."]
  pruneopts = "T"
  revision = "2e65f85255dbc3072edf28d6b5b8efc472979f5a"

[[projects]]
  branch = "master"
  digest = "1:0bfbe13936953a98ae3cfe8ed6670d396ad81edf069a806d2f6515d7bb6950df"
  name = "github.com/google/btree"
  packages = ["."]
  pruneopts = "T"
  revision = "4030bb1f1f0c35b30ca7009e9ebd06849dd45306"

[[projects]]
  digest = "1:80f394537967d97fcc0da30762843805c8aaea7d208c43c99d1fe988a8888f0d"
  name = "github.com/gorilla/websocket"
  packages = ["."]
  pruneopts = "T"
  revision = "66b9c49e59c6c48f0ffce28c2d8b8a5678502c6d"
  version = "v1.4.0"

[[projects]]
  digest = "1:87f77f79a68c583671d07c8578ae1bc0fce5dbed85effd8fda20af10fbcd1de3"
  name = "github.com/iov-one/weave"
  packages = [
    ".",
    "app",
    "commands",
    "commands/server",
    "crypto",
    "errors",
    "gconf",
    "orm",
    "store",
    "store/iavl",
    "x",
    "x/currency",
    "x/multisig",
    "x/sigs",
    "x/utils",
    "x/validators",
  ]
  pruneopts = "T"
  revision = "6d9038b29d51ec10d1c8b5691e4e298e155155e0"
  version = "v0.11.2"

[[projects]]
  branch = "master"
  digest = "1:dc6b1a6801b3055e9bd3da4cd1e568606eb48118cc6f28e947783aa5d998ad74"
  name = "github.com/jmhodges/levigo"
  packages = ["."]
  pruneopts = "T"
  revision = "c42d9e0ca023e2198120196f842701bb4c55d7b9"

[[projects]]
  branch = "master"
  digest = "1:a64e323dc06b73892e5bb5d040ced475c4645d456038333883f58934abbf6f72"
  name = "github.com/kr/logfmt"
  packages = ["."]
  pruneopts = "T"
  revision = "b84e30acd515aadc4b783ad4ff83aff3299bdfe0"

[[projects]]
  digest = "1:a8e3d14801bed585908d130ebfc3b925ba642208e6f30d879437ddfc7bb9b413"
  name = "github.com/matttproud/golang_protobuf_extensions"
  packages = ["pbutil"]
  pruneopts = "T"
  revision = "c12348ce28de40eed0136aa2b644d0ee0650e56c"
  version = "v1.0.1"

[[projects]]
  branch = "master"
  digest = "1:0c29d499ffc3b9f33e7136444575527d0c3a9463a89b3cbeda0523b737f910b3"
  name = "github.com/petar/GoLLRB"
  packages = ["llrb"]
  pruneopts = "T"
  revision = "53be0d36a84c2a886ca057d34b6aa4468df9ccb4"

[[projects]]
  digest = "1:cf31692c14422fa27c83a05292eb5cbe0fb2775972e8f1f8446a71549bd8980b"
  name = "github.com/pkg/errors"
  packages = ["."]
  pruneopts = "T"
  revision = "ba968bfe8b2f7e042a574c888954fccecfa385b4"
  version = "v0.8.1"

[[projects]]
  digest = "1:22aa691fe0213cb5c07d103f9effebcb7ad04bee45a0ce5fe5369d0ca2ec3a1f"
  name = "github.com/pmezard/go-difflib"
  packages = ["difflib"]
  pruneopts = "T"
  revision = "792786c7400a136282c1664665ae0a8db921c6c2"
  version = "v1.0.0"

[[projects]]
  digest = "1:3b5729e3fc486abc6fc16ce026331c3d196e788c3b973081ecf5d28ae3e1050d"
  name = "github.com/prometheus/client_golang"
  packages = [
    "prometheus",
    "prometheus/internal",
    "prometheus/promhttp",
  ]
  pruneopts = "T"
  revision = "505eaef017263e299324067d40ca2c48f6a2cf50"
  version = "v0.9.2"

[[projects]]
  branch = "master"
  digest = "1:cd67319ee7536399990c4b00fae07c3413035a53193c644549a676091507cadc"
  name = "github.com/prometheus/client_model"
  packages = ["go"]
  pruneopts = "T"
  revision = "fd36f4220a901265f90734c3183c5f0c91daa0b8"

[[projects]]
  digest = "1:1688d03416102590c2a93f23d44e4297cb438bff146830aae35e66b33c9af114"
  name = "github.com/prometheus/common"
  packages = [
    "expfmt",
    "internal/bitbucket.org/ww/goautoneg",
    "model",
  ]
  pruneopts = "T"
  revision = "cfeb6f9992ffa54aaa4f2170ade4067ee478b250"
  version = "v0.2.0"

[[projects]]
  branch = "master"
  digest = "1:153fa77f4bcfe15004fbc0f1f25c0be66504febd2a2e551640ac355c29bcf7fc"
  name = "github.com/prometheus/procfs"
  packages = [
    ".",
    "internal/util",
    "nfs",
    "xfs",
  ]
  pruneopts = "T"
  revision = "f8d8b3f739bd91a7c0462cb55235ef63c79c9abc"

[[projects]]
  digest = "1:523d2c2500965d035691347a6d30befd53fde95fad16e0b94bef5d3d2cca8ff7"
  name = "github.com/rcrowley/go-metrics"
  packages = ["."]
  pruneopts = "T"
  revision = "e2704e165165ec55d062f5919b4b29494e9fa790"

[[projects]]
  digest = "1:a8a03bca5a81878daa4958136f3372af00437c61129ca088a430b0b786b9378a"
  name = "github.com/rs/cors"
  packages = ["."]
  pruneopts = "T"
  revision = "9a47f48565a795472d43519dd49aac781f3034fb"
  version = "v1.6.0"

[[projects]]
  digest = "1:17c4ccf5cdb1627aaaeb5c1725cb13aec97b63ea2033d4a6824dcaedf94223dc"
  name = "github.com/stretchr/testify"
  packages = [
    "assert",
    "require",
  ]
  pruneopts = "T"
  revision = "ffdc059bfe9ce6a4e144ba849dbedead332c6053"
  version = "v1.3.0"

[[projects]]
  branch = "master"
  digest = "1:36b2aca16ab4e408bfd2c89f0799abdb3a4f3c5042f83b7e01623500cb3174eb"
  name = "github.com/syndtr/goleveldb"
  packages = [
    "leveldb",
    "leveldb/cache",
    "leveldb/comparer",
    "leveldb/errors",
    "leveldb/filter",
    "leveldb/iterator",
    "leveldb/journal",
    "leveldb/memdb",
    "leveldb/opt",
    "leveldb/storage",
    "leveldb/table",
    "leveldb/util",
  ]
  pruneopts = "T"
  revision = "2f17a3356c6616cbfc4ae4c38147dc062a68fb0e"

[[projects]]
  digest = "1:6f8e88f11d400ce863f90b56e2de84380960bdbcd82be780ffe3507c68442e56"
  name = "github.com/tendermint/btcd"
  packages = ["btcec"]
  pruneopts = "T"
  revision = "80daadac05d1cd29571fccf27002d79667a88b58"
  version = "v0.1.1"

[[projects]]
  digest = "1:02462ad4cc9b135c4ebfb9edccb53e8c705bbebdbf8664799ea641440188387e"
  name = "github.com/tendermint/go-amino"
  packages = ["."]
  pruneopts = "T"
  revision = "dc14acf9ef15f85828bfbc561ed9dd9d2a284885"
  version = "v0.14.1"

[[projects]]
  digest = "1:55a1665acfc380ebc869cdcd2438f60781aab71ba1b96e54f2811445fee342b8"
  name = "github.com/tendermint/iavl"
  packages = ["."]
  pruneopts = "T"
  revision = "ac7c35c12e8633a1e9fd0b52a00b900b40f32cd3"
  version = "v0.12.1"

[[projects]]
  digest = "1:1da9acded02c0545df3ac0b393f83c1f0acffd3852a2fdc1fcd88a525061def0"
  name = "github.com/tendermint/tendermint"
  packages = [
    "abci/client",
    "abci/example/code",
    "abci/example/counter",
    "abci/example/kvstore",
    "abci/server",
    "abci/types",
    "blockchain",
    "config",
    "consensus",
    "consensus/types",
    "crypto",
    "crypto/ed25519",
    "crypto/encoding/amino",
    "crypto/merkle",
    "crypto/multisig",
    "crypto/multisig/bitarray",
    "crypto/secp256k1",
    "crypto/tmhash",
    "evidence",
    "libs/autofile",
    "libs/clist",
    "libs/common",
    "libs/db",
    "libs/events",
    "libs/fail",
    "libs/flowrate",
    "libs/log",
    "libs/pubsub",
    "libs/pubsub/query",
    "mempool",
    "node",
    "p2p",
    "p2p/conn",
    "p2p/pex",
    "privval",
    "proxy",
    "rpc/client",
    "rpc/core",
    "rpc/core/types",
    "rpc/grpc",
    "rpc/lib/client",
    "rpc/lib/server",
    "rpc/lib/types",
    "rpc/test",
    "state",
    "state/txindex",
    "state/txindex/kv",
    "state/txindex/null",
    "types",
    "types/time",
    "version",
  ]
  pruneopts = "T"
  revision = "4d7b29cd8f8ef998cf8f7141f3a100b0a4fa718d"
  version = "v0.29.1"

[[projects]]
  digest = "1:50e8a05dc01e5a403ce824cb55449703654035e899baccb64b3759c3c47bfaa6"
  name = "github.com/tendermint/tmlibs"
  packages = [
    "common",
    "log",
  ]
  pruneopts = "T"
  revision = "1b9b5652a199ab0be2e781393fb275b66377309d"
  version = "v0.7.0"

[[projects]]
  digest = "1:d470cb69884835b1800e93ceceb85afcf981ea647e61d99398a76af7a95bad6a"
  name = "golang.org/x/crypto"
  packages = [
    "chacha20poly1305",
    "curve25519",
    "ed25519",
    "ed25519/internal/edwards25519",
    "hkdf",
    "internal/chacha20",
    "internal/subtle",
    "nacl/box",
    "nacl/secretbox",
    "poly1305",
    "ripemd160",
    "salsa20/salsa",
  ]
  pruneopts = "T"
  revision = "505ab145d0a99da450461ae2c1a9f6cd10d1f447"

[[projects]]
  digest = "1:5fdc7adede42f80d6201258355d478d856778e21d735f14972abd8ff793fdbf7"
  name = "golang.org/x/net"
  packages = [
    "context",
    "http/httpguts",
    "http2",
    "http2/hpack",
    "idna",
    "internal/timeseries",
    "netutil",
    "trace",
  ]
  pruneopts = "T"
  revision = "292b43bbf7cb8d35ddf40f8d5100ef3837cced3f"

[[projects]]
  branch = "master"
  digest = "1:8073be3037c3b9563442e6486198b9d00c8b823a5cd80d6dd6ad1dfbb142d3c2"
  name = "golang.org/x/sys"
  packages = [
    "cpu",
    "unix",
  ]
  pruneopts = "T"
  revision = "d0b11bdaac8adb652bff00e49bcacf992835621a"

[[projects]]
  digest = "1:6164911cb5e94e8d8d5131d646613ff82c14f5a8ce869de2f6d80d9889df8c5a"
  name = "golang.org/x/text"
  packages = [
    "collate",
    "collate/build",
    "internal/colltab",
    "internal/gen",
    "internal/tag",
    "internal/triegen",
    "internal/ucd",
    "language",
    "secure/bidirule",
    "transform",
    "unicode/bidi",
    "unicode/cldr",
    "unicode/norm",
    "unicode/rangetable",
  ]
  pruneopts = "T"
  revision = "f21a4dfb5e38f5895301dc265a8def02365cc3d0"
  version = "v0.3.0"

[[projects]]
  branch = "master"
  digest = "1:60a223de357ab7164a5f8dd20cf0f5e17f76530ff40f33f7ecde0c09ec19c67a"
  name = "google.golang.org/genproto"
  packages = ["googleapis/rpc/status"]
  pruneopts = "T"
  revision = "bd968387e4aa590b3c6e4ba38ecac1ed314d43ad"

[[projects]]
  digest = "1:adec72b8770ba7ad04c7a5a8ef8c6cc13a766bd11f900b60f360303b4f56e0b1"
  name = "google.golang.org/grpc"
  packages = [
    ".",
    "balancer",
    "balancer/base",
    "balancer/roundrobin",
    "binarylog/grpc_binarylog_v1",
    "codes",
    "connectivity",
    "credentials",
    "credentials/internal",
    "encoding",
    "encoding/proto",
    "grpclog",
    "internal",
    "internal/backoff",
    "internal/binarylog",
    "internal/channelz",
    "internal/envconfig",
    "internal/grpcrand",
    "internal/grpcsync",
    "internal/syscall",
    "internal/transport",
    "keepalive",
    "metadata",
    "naming",
    "peer",
    "resolver",
    "resolver/dns",
    "resolver/passthrough",
    "stats",
    "status",
    "tap",
  ]
  pruneopts = "T"
  revision = "a02b0774206b209466313a0b525d2c738fe407eb"
  version = "v1.18.0"

[solve-meta]
  analyzer-name = "dep"
  analyzer-version = 1
  input-imports = [
    "github.com/go-chi/chi",
    "github.com/gogo/protobuf/gogoproto",
    "github.com/gogo/protobuf/proto",
    "github.com/gogo/protobuf/protoc-gen-gogofaster",
    "github.com/gogo/protobuf/types",
    "github.com/golang/protobuf/ptypes/timestamp",
    "github.com/iov-one/weave",
    "github.com/iov-one/weave/app",
    "github.com/iov-one/weave/commands",
    "github.com/iov-one/weave/commands/server",
    "github.com/iov-one/weave/crypto",
    "github.com/iov-one/weave/errors",
    "github.com/iov-one/weave/gconf",
    "github.com/iov-one/weave/orm",
    "github.com/iov-one/weave/store",
    "github.com/iov-one/weave/store/iavl",
    "github.com/iov-one/weave/x",
    "github.com/iov-one/weave/x/currency",
    "github.com/iov-one/weave/x/multisig",
    "github.com/iov-one/weave/x/sigs",
    "github.com/iov-one/weave/x/utils",
    "github.com/iov-one/weave/x/validators",
    "github.com/pkg/errors",
    "github.com/stretchr/testify/assert",
    "github.com/stretchr/testify/require",
    "github.com/tendermint/tendermint/abci/types",
    "github.com/tendermint/tendermint/config",
    "github.com/tendermint/tendermint/libs/common",
    "github.com/tendermint/tendermint/libs/log",
    "github.com/tendermint/tendermint/libs/pubsub",
    "github.com/tendermint/tendermint/node",
    "github.com/tendermint/tendermint/rpc/client",
    "github.com/tendermint/tendermint/rpc/core/types",
    "github.com/tendermint/tendermint/rpc/test",
    "github.com/tendermint/tendermint/types",
    "github.com/tendermint/tmlibs/common",
  ]
  solver-name = "gps-cdcl"
  solver-version = 1
